
Microsoft Visual Studio Solution File, Format Version 12.00
# Visual Studio Version 17
VisualStudioVersion = 17.1.32210.238
MinimumVisualStudioVersion = 10.0.40219.1
Project("{FAE04EC0-301F-11D3-BF4B-00C04F79EFBC}") = "bai15", "bai15\bai15.csproj", "{E4148D13-5167-4DD5-8030-25647969076E}"
EndProject
Global
	GlobalSection(SolutionConfigurationPlatforms) = preSolution
		Debug|Any CPU = Debug|Any CPU
		Release|Any CPU = Release|Any CPU
	EndGlobalSection
	GlobalSection(ProjectConfigurationPlatforms) = postSolution
		{E4148D13-5167-4DD5-8030-25647969076E}.Debug|Any CPU.ActiveCfg = Debug|Any CPU
		{E4148D13-5167-4DD5-8030-25647969076E}.Debug|Any CPU.Build.0 = Debug|Any CPU
		{E4148D13-5167-4DD5-8030-25647969076E}.Release|Any CPU.ActiveCfg = Release|Any CPU
		{E4148D13-5167-4DD5-8030-25647969076E}.Release|Any CPU.Build.0 = Release|Any CPU
	EndGlobalSection
	GlobalSection(SolutionProperties) = preSolution
		HideSolutionNode = FALSE
	EndGlobalSection
	GlobalSection(ExtensibilityGlobals) = postSolution
		SolutionGuid = {25222CB8-A481-41C1-95DA-CC2B4A000792}
	EndGlobalSection
EndGlobal
